Microsoft Visual Studio Solution File, Format Version 12.00
# Visual Studio Version 17
VisualStudioVersion = 17.5.2.0
MinimumVisualStudioVersion = 10.0.40219.1
Project("{FAE04EC0-301F-11D3-BF4B-00C04F79EFBC}") = "03_Stack.Tests", "03_Stack.Tests.csproj", "{E03DACDB-A7F2-98C3-DADE-EF01CD12A2E3}"
EndProject
Global
	GlobalSection(SolutionConfigurationPlatforms) = preSolution
		Debug|Any CPU = Debug|Any CPU
		Release|Any CPU = Release|Any CPU
	EndGlobalSection
	GlobalSection(ProjectConfigurationPlatforms) = postSolution
		{E03DACDB-A7F2-98C3-DADE-EF01CD12A2E3}.Debug|Any CPU.ActiveCfg = Debug|Any CPU
		{E03DACDB-A7F2-98C3-DADE-EF01CD12A2E3}.Debug|Any CPU.Build.0 = Debug|Any CPU
		{E03DACDB-A7F2-98C3-DADE-EF01CD12A2E3}.Release|Any CPU.ActiveCfg = Release|Any CPU
		{E03DACDB-A7F2-98C3-DADE-EF01CD12A2E3}.Release|Any CPU.Build.0 = Release|Any CPU
	EndGlobalSection
	GlobalSection(SolutionProperties) = preSolution
		HideSolutionNode = FALSE
	EndGlobalSection
	GlobalSection(ExtensibilityGlobals) = postSolution
		SolutionGuid = {A9446DC1-4914-4555-B809-90D1CAA2D9EE}
	EndGlobalSection
EndGlobal
